{
  "name": "social-aggregator",
  "version": "1.0.0",
  "lockfileVersion": 3,
  "requires": true,
  "main": "node_modules/expo/AppEntry.js",
  "packages": {},
  "scripts": {
    "android": "expo start --android",
    "ios": "expo start --ios",
    "start": "expo start",
    "web": "expo start --web"
  }
}
